<?xml version="1.0" encoding="utf-8"?>
<Project ToolsVersion="4.0" xmlns="http://schemas.microsoft.com/developer/msbuild/2003">
  <ItemGroup>
    <Filter Include="Fichiers sources">
      <UniqueIdentifier>{4FC737F1-C7A5-4376-A066-2A32D752A2FF}</UniqueIdentifier>
      <Extensions>cpp;c;cc;cxx;c++;cppm;ixx;def;odl;idl;hpj;bat;asm;asmx</Extensions>
    </Filter>
    <Filter Include="Fichiers d%27en-tête">
      <UniqueIdentifier>{93995380-89BD-4b04-88EB-625FBE52EBFB}</UniqueIdentifier>
      <Extensions>h;hh;hpp;hxx;h++;hm;inl;inc;ipp;xsd</Extensions>
    </Filter>
    <Filter Include="Fichiers de ressources">
      <UniqueIdentifier>{67DA6AB6-F800-4c08-8B7A-83BB121AAD01}</UniqueIdentifier>
      <Extensions>rc;ico;cur;bmp;dlg;rc2;rct;bin;rgs;gif;jpg;jpeg;jpe;resx;tiff;tif;png;wav;mfcribbon-ms</Extensions>
    </Filter>
    <Filter Include="Fichiers d%27en-tête\Network">
      <UniqueIdentifier>{e8955d43-c7b5-47f3-9afb-d3883615c31d}</UniqueIdentifier>
    </Filter>
    <Filter Include="Fichiers sources\Network">
      <UniqueIdentifier>{370581f2-f9b0-488d-970f-253b374fafb8}</UniqueIdentifier>
    </Filter>
    <Filter Include="Fichiers sources\Protocol">
      <UniqueIdentifier>{8cbef57a-c112-49d8-a6d5-e0981c901b02}</UniqueIdentifier>
    </Filter>
    <Filter Include="Fichiers sources\Protocol\Messages">
      <UniqueIdentifier>{8b864671-573e-4140-a818-11dc5c4ddaaa}</UniqueIdentifier>
    </Filter>
    <Filter Include="Fichiers sources\Protocol\Messages\Approach">
      <UniqueIdentifier>{62dc29c2-3dc0-4708-908f-116aecc77124}</UniqueIdentifier>
    </Filter>
    <Filter Include="Fichiers sources\Network\Manager">
      <UniqueIdentifier>{d5d804ff-fe2e-43b7-9a21-4cb62c0a58c3}</UniqueIdentifier>
    </Filter>
    <Filter Include="Fichiers sources\Protocol\Manager">
      <UniqueIdentifier>{398605b1-fc70-43f3-9ffc-8cd8955e8ee6}</UniqueIdentifier>
    </Filter>
    <Filter Include="Fichiers d%27en-tête\Network\Manager">
      <UniqueIdentifier>{9b4731b7-ec72-4327-94c3-ff978dc2bbe4}</UniqueIdentifier>
    </Filter>
    <Filter Include="Fichiers d%27en-tête\Protocol">
      <UniqueIdentifier>{d0276e5b-9391-4283-8ddb-5a30f886ea88}</UniqueIdentifier>
    </Filter>
    <Filter Include="Fichiers d%27en-tête\Protocol\Manager">
      <UniqueIdentifier>{29ccb3b3-1b07-4161-95bd-116f747659a4}</UniqueIdentifier>
    </Filter>
    <Filter Include="Fichiers d%27en-tête\Protocol\Messages">
      <UniqueIdentifier>{ebb2852b-f64a-469b-a8c8-41c4f7208aba}</UniqueIdentifier>
    </Filter>
    <Filter Include="Fichiers d%27en-tête\Network\Session">
      <UniqueIdentifier>{5e04335e-41d4-45d9-a0f9-670c98a4e76e}</UniqueIdentifier>
    </Filter>
    <Filter Include="Fichiers sources\Protocol\Messages\Entities">
      <UniqueIdentifier>{697de612-829b-4c22-a852-7d7c16f0783b}</UniqueIdentifier>
    </Filter>
    <Filter Include="Fichiers d%27en-tête\Protocol\Messages\Approach">
      <UniqueIdentifier>{4a2ee458-7100-466f-bee0-a9f5d962beca}</UniqueIdentifier>
    </Filter>
    <Filter Include="Fichiers d%27en-tête\Protocol\Messages\Entities">
      <UniqueIdentifier>{9ce47b77-30e2-4151-b3af-4aab559fd3c1}</UniqueIdentifier>
    </Filter>
    <Filter Include="Fichiers d%27en-tête\Protocol\Messages\Matchmaking">
      <UniqueIdentifier>{a36b541d-66b1-45f6-98ba-5367915dbf3d}</UniqueIdentifier>
    </Filter>
    <Filter Include="Fichiers sources\Protocol\Messages\Matchmaking">
      <UniqueIdentifier>{0f8a2a68-6a79-4fce-83bc-47ac166d6e0c}</UniqueIdentifier>
    </Filter>
  </ItemGroup>
  <ItemGroup>
    <ClCompile Include="Program.cpp">
      <Filter>Fichiers sources</Filter>
    </ClCompile>
    <ClCompile Include="src\Protocol\Message\Approach\CreateClientMessage.cpp">
      <Filter>Fichiers sources</Filter>
    </ClCompile>
    <ClCompile Include="src\Protocol\Message\Approach\DisconnectClientMessage.cpp">
      <Filter>Fichiers sources</Filter>
    </ClCompile>
    <ClCompile Include="src\Protocol\Message\Approach\ServerInformationsMessage.cpp">
      <Filter>Fichiers sources</Filter>
    </ClCompile>
    <ClCompile Include="src\Protocol\Message\Entity\CreateEntityMessage.cpp">
      <Filter>Fichiers sources</Filter>
    </ClCompile>
    <ClCompile Include="src\Protocol\Message\Entity\LastEntityPositionMessage.cpp">
      <Filter>Fichiers sources</Filter>
    </ClCompile>
    <ClCompile Include="src\Protocol\Message\Entity\MoveEntityMessage.cpp">
      <Filter>Fichiers sources</Filter>
    </ClCompile>
    <ClCompile Include="src\Protocol\Message\Entity\RotateEntityMessage.cpp">
      <Filter>Fichiers sources</Filter>
    </ClCompile>
    <ClCompile Include="src\Protocol\Message\Matchmaking\ChangeReadyStatusMessage.cpp">
      <Filter>Fichiers sources</Filter>
    </ClCompile>
    <ClCompile Include="src\Protocol\Message\Matchmaking\LeaveLobbyMessage.cpp">
      <Filter>Fichiers sources</Filter>
    </ClCompile>
    <ClCompile Include="src\Protocol\Message\Matchmaking\StartGameMessage.cpp">
      <Filter>Fichiers sources</Filter>
    </ClCompile>
    <ClCompile Include="src\Protocol\Message\Matchmaking\StartMatchmakingMessage.cpp">
      <Filter>Fichiers sources</Filter>
    </ClCompile>
    <ClCompile Include="src\Protocol\Message\Matchmaking\UpdateLobbyMessage.cpp">
      <Filter>Fichiers sources</Filter>
    </ClCompile>
    <ClCompile Include="src\Manager\ClientManager.cpp">
      <Filter>Fichiers sources</Filter>
    </ClCompile>
    <ClCompile Include="src\Manager\EventManager.cpp">
      <Filter>Fichiers sources</Filter>
    </ClCompile>
    <ClCompile Include="src\Manager\SessionManager.cpp">
      <Filter>Fichiers sources</Filter>
    </ClCompile>
    <ClCompile Include="src\Manager\MatchmakingManager.cpp">
      <Filter>Fichiers sources</Filter>
    </ClCompile>
    <ClCompile Include="src\Core\Threading\ThreadManager.cpp">
      <Filter>Fichiers sources</Filter>
    </ClCompile>
    <ClCompile Include="src\Core\Threading\ThreadTaskPool.cpp">
      <Filter>Fichiers sources</Filter>
    </ClCompile>
    <ClCompile Include="include\LKZ\Core\Server\INetworkInterface.h">
      <Filter>Fichiers sources</Filter>
    </ClCompile>
    <ClCompile Include="src\Core\Engine.cpp">
      <Filter>Fichiers sources</Filter>
    </ClCompile>
    <ClCompile Include="src\Core\Server\WindowsServer.cpp">
      <Filter>Fichiers sources</Filter>
    </ClCompile>
    <ClCompile Include="src\Core\Server\LinuxServer.cpp">
      <Filter>Fichiers sources</Filter>
    </ClCompile>
    <ClCompile Include="src\Core\ECS\System\PlayerSystem.cpp">
      <Filter>Fichiers sources</Filter>
    </ClCompile>
    <ClCompile Include="src\Core\ECS\Manager\ComponentManager.cpp">
      <Filter>Fichiers sources</Filter>
    </ClCompile>
    <ClCompile Include="src\Core\ECS\Manager\EntityManager.cpp">
      <Filter>Fichiers sources</Filter>
    </ClCompile>
    <ClCompile Include="src\Core\ECS\Manager\SystemManager.cpp">
      <Filter>Fichiers sources</Filter>
    </ClCompile>
    <ClCompile Include="src\Utility\Logger.cpp">
      <Filter>Fichiers sources</Filter>
    </ClCompile>
    <ClCompile Include="src\Protocol\Message\Entity\Player\PlayerInputMessage.cpp">
      <Filter>Fichiers sources</Filter>
    </ClCompile>
    <ClCompile Include="lib\RecastNavigation\DebugUtils\Source\DebugDraw.cpp">
      <Filter>Fichiers sources</Filter>
    </ClCompile>
    <ClCompile Include="lib\RecastNavigation\DebugUtils\Source\DetourDebugDraw.cpp">
      <Filter>Fichiers sources</Filter>
    </ClCompile>
    <ClCompile Include="lib\RecastNavigation\DebugUtils\Source\RecastDebugDraw.cpp">
      <Filter>Fichiers sources</Filter>
    </ClCompile>
    <ClCompile Include="lib\RecastNavigation\DebugUtils\Source\RecastDump.cpp">
      <Filter>Fichiers sources</Filter>
    </ClCompile>
    <ClCompile Include="lib\RecastNavigation\Detour\Source\DetourAlloc.cpp">
      <Filter>Fichiers sources</Filter>
    </ClCompile>
    <ClCompile Include="lib\RecastNavigation\Detour\Source\DetourAssert.cpp">
      <Filter>Fichiers sources</Filter>
    </ClCompile>
    <ClCompile Include="lib\RecastNavigation\Detour\Source\DetourCommon.cpp">
      <Filter>Fichiers sources</Filter>
    </ClCompile>
    <ClCompile Include="lib\RecastNavigation\Detour\Source\DetourNavMesh.cpp">
      <Filter>Fichiers sources</Filter>
    </ClCompile>
    <ClCompile Include="lib\RecastNavigation\Detour\Source\DetourNavMeshBuilder.cpp">
      <Filter>Fichiers sources</Filter>
    </ClCompile>
    <ClCompile Include="lib\RecastNavigation\Detour\Source\DetourNavMeshQuery.cpp">
      <Filter>Fichiers sources</Filter>
    </ClCompile>
    <ClCompile Include="lib\RecastNavigation\Detour\Source\DetourNode.cpp">
      <Filter>Fichiers sources</Filter>
    </ClCompile>
    <ClCompile Include="lib\RecastNavigation\DetourCrowd\Source\DetourCrowd.cpp">
      <Filter>Fichiers sources</Filter>
    </ClCompile>
    <ClCompile Include="lib\RecastNavigation\DetourCrowd\Source\DetourLocalBoundary.cpp">
      <Filter>Fichiers sources</Filter>
    </ClCompile>
    <ClCompile Include="lib\RecastNavigation\DetourCrowd\Source\DetourObstacleAvoidance.cpp">
      <Filter>Fichiers sources</Filter>
    </ClCompile>
    <ClCompile Include="lib\RecastNavigation\DetourCrowd\Source\DetourPathCorridor.cpp">
      <Filter>Fichiers sources</Filter>
    </ClCompile>
    <ClCompile Include="lib\RecastNavigation\DetourCrowd\Source\DetourPathQueue.cpp">
      <Filter>Fichiers sources</Filter>
    </ClCompile>
    <ClCompile Include="lib\RecastNavigation\DetourCrowd\Source\DetourProximityGrid.cpp">
      <Filter>Fichiers sources</Filter>
    </ClCompile>
    <ClCompile Include="lib\RecastNavigation\DetourTileCache\Source\DetourTileCache.cpp">
      <Filter>Fichiers sources</Filter>
    </ClCompile>
    <ClCompile Include="lib\RecastNavigation\DetourTileCache\Source\DetourTileCacheBuilder.cpp">
      <Filter>Fichiers sources</Filter>
    </ClCompile>
    <ClCompile Include="lib\RecastNavigation\Recast\Source\Recast.cpp">
      <Filter>Fichiers sources</Filter>
    </ClCompile>
    <ClCompile Include="lib\RecastNavigation\Recast\Source\RecastAlloc.cpp">
      <Filter>Fichiers sources</Filter>
    </ClCompile>
    <ClCompile Include="lib\RecastNavigation\Recast\Source\RecastArea.cpp">
      <Filter>Fichiers sources</Filter>
    </ClCompile>
    <ClCompile Include="lib\RecastNavigation\Recast\Source\RecastAssert.cpp">
      <Filter>Fichiers sources</Filter>
    </ClCompile>
    <ClCompile Include="lib\RecastNavigation\Recast\Source\RecastContour.cpp">
      <Filter>Fichiers sources</Filter>
    </ClCompile>
    <ClCompile Include="lib\RecastNavigation\Recast\Source\RecastFilter.cpp">
      <Filter>Fichiers sources</Filter>
    </ClCompile>
    <ClCompile Include="lib\RecastNavigation\Recast\Source\RecastLayers.cpp">
      <Filter>Fichiers sources</Filter>
    </ClCompile>
    <ClCompile Include="lib\RecastNavigation\Recast\Source\RecastMesh.cpp">
      <Filter>Fichiers sources</Filter>
    </ClCompile>
    <ClCompile Include="lib\RecastNavigation\Recast\Source\RecastMeshDetail.cpp">
      <Filter>Fichiers sources</Filter>
    </ClCompile>
    <ClCompile Include="lib\RecastNavigation\Recast\Source\RecastRasterization.cpp">
      <Filter>Fichiers sources</Filter>
    </ClCompile>
    <ClCompile Include="lib\RecastNavigation\Recast\Source\RecastRegion.cpp">
      <Filter>Fichiers sources</Filter>
    </ClCompile>
    <ClCompile Include="src\Simulation\Math\MathUtils.cpp">
      <Filter>Fichiers sources</Filter>
    </ClCompile>
    <ClCompile Include="src\Simulation\NavMesh\NavMeshLoader.cpp">
      <Filter>Fichiers sources</Filter>
    </ClCompile>
    <ClCompile Include="src\Simulation\World.cpp">
      <Filter>Fichiers sources</Filter>
    </ClCompile>
    <ClCompile Include="src\Core\ECS\System\AISystem.cpp">
      <Filter>Fichiers sources</Filter>
    </ClCompile>
    <ClCompile Include="src\Protocol\Message\Entity\RequestCreateEntityMessage.cpp">
      <Filter>Fichiers sources</Filter>
    </ClCompile>
    <ClCompile Include="src\Core\Threading\CommandQueue.cpp">
      <Filter>Fichiers sources</Filter>
    </ClCompile>
    <ClCompile Include="src\Protocol\Message\Entity\MoveEntitiesMessage.cpp">
      <Filter>Fichiers sources</Filter>
    </ClCompile>
    <ClCompile Include="src\Core\ECS\Manager\NavMeshQueryManager.cpp">
      <Filter>Fichiers sources</Filter>
    </ClCompile>
    <ClCompile Include="src\Protocol\Message\Entity\Player\PlayerStateMessage.cpp">
      <Filter>Fichiers sources</Filter>
    </ClCompile>
    <ClCompile Include="src\Protocol\Message\Entity\Player\PlayerAimTargetPositionMessage.cpp">
      <Filter>Fichiers sources</Filter>
    </ClCompile>
    <ClCompile Include="src\Protocol\Message\Entity\Player\PlayerShootingMessage.cpp">
      <Filter>Fichiers sources</Filter>
    </ClCompile>
    <ClCompile Include="src\Protocol\Message\Entity\Zombie\ZombieBoneSeveredMessage.cpp">
      <Filter>Fichiers sources</Filter>
    </ClCompile>
    <ClCompile Include="src\Protocol\Message\Entity\EntityDeadMessage.cpp">
      <Filter>Fichiers sources</Filter>
    </ClCompile>
    <ClCompile Include="src\Protocol\Message\Entity\Zombie\ZombieHitMessage.cpp">
      <Filter>Fichiers sources</Filter>
    </ClCompile>
    <ClCompile Include="src\Protocol\Message\Gameplay\ChangeWaveMessage.cpp">
      <Filter>Fichiers sources</Filter>
    </ClCompile>
    <ClCompile Include="src\Core\ECS\System\WaveSystem.cpp">
      <Filter>Fichiers sources</Filter>
    </ClCompile>
    <ClCompile Include="src\Protocol\Message\Approach\ClientGameSceneLoadedMessage.cpp">
      <Filter>Fichiers sources</Filter>
    </ClCompile>
    <ClCompile Include="src\Core\Server\ProfilerServer.cpp">
      <Filter>Fichiers sources</Filter>
    </ClCompile>
    <ClCompile Include="src\Protocol\Message\Profiler\ProfilerClientCreatedMessage.cpp">
      <Filter>Fichiers sources</Filter>
    </ClCompile>
    <ClCompile Include="src\Protocol\Message\Profiler\ProfilerNetworkPerformanceMessage.cpp">
      <Filter>Fichiers sources</Filter>
    </ClCompile>
  </ItemGroup>
  <ItemGroup>
    <ClInclude Include="include\Protocol\Message\Message.h">
      <Filter>Fichiers d%27en-tête</Filter>
    </ClInclude>
    <ClInclude Include="include\Protocol\Message\Matchmaking\UpdateLobbyMessage.h">
      <Filter>Fichiers d%27en-tête</Filter>
    </ClInclude>
    <ClInclude Include="include\Protocol\Message\Matchmaking\StartMatchmakingMessage.h">
      <Filter>Fichiers d%27en-tête</Filter>
    </ClInclude>
    <ClInclude Include="include\Protocol\Message\Matchmaking\StartGameMessage.h">
      <Filter>Fichiers d%27en-tête</Filter>
    </ClInclude>
    <ClInclude Include="include\Protocol\Message\Matchmaking\LeaveLobbyMessage.h">
      <Filter>Fichiers d%27en-tête</Filter>
    </ClInclude>
    <ClInclude Include="include\Protocol\Message\Matchmaking\ChangeReadyStatusMessage.h">
      <Filter>Fichiers d%27en-tête</Filter>
    </ClInclude>
    <ClInclude Include="include\Protocol\Message\Approach\ServerInformationsMessage.h">
      <Filter>Fichiers d%27en-tête</Filter>
    </ClInclude>
    <ClInclude Include="include\Protocol\Message\Approach\DisconnectClientMessage.h">
      <Filter>Fichiers d%27en-tête</Filter>
    </ClInclude>
    <ClInclude Include="include\Protocol\Message\Approach\CreateClientMessage.h">
      <Filter>Fichiers d%27en-tête</Filter>
    </ClInclude>
    <ClInclude Include="include\Protocol\Codec\Serializer.h">
      <Filter>Fichiers d%27en-tête</Filter>
    </ClInclude>
    <ClInclude Include="include\Protocol\Codec\Deserializer.h">
      <Filter>Fichiers d%27en-tête</Filter>
    </ClInclude>
    <ClInclude Include="include\NetworkObject\Lobby.h">
      <Filter>Fichiers d%27en-tête</Filter>
    </ClInclude>
    <ClInclude Include="include\NetworkObject\Entity.h">
      <Filter>Fichiers d%27en-tête</Filter>
    </ClInclude>
    <ClInclude Include="include\NetworkObject\Client.h">
      <Filter>Fichiers d%27en-tête</Filter>
    </ClInclude>
    <ClInclude Include="include\Manager\LobbyManager.h">
      <Filter>Fichiers d%27en-tête</Filter>
    </ClInclude>
    <ClInclude Include="include\Manager\MatchmakingManager.h">
      <Filter>Fichiers d%27en-tête</Filter>
    </ClInclude>
    <ClInclude Include="include\Manager\EventManager.h">
      <Filter>Fichiers d%27en-tête</Filter>
    </ClInclude>
    <ClInclude Include="include\Manager\ClientManager.h">
      <Filter>Fichiers d%27en-tête</Filter>
    </ClInclude>
    <ClInclude Include="include\Core\Server.h">
      <Filter>Fichiers d%27en-tête</Filter>
    </ClInclude>
    <ClInclude Include="include\Protocol\Message\Entity\CreateEntityMessage.h">
      <Filter>Fichiers d%27en-tête</Filter>
    </ClInclude>
    <ClInclude Include="include\Protocol\Message\Entity\LastEntityPositionMessage.h">
      <Filter>Fichiers d%27en-tête</Filter>
    </ClInclude>
    <ClInclude Include="include\Protocol\Message\Entity\MoveEntityMessage.h">
      <Filter>Fichiers d%27en-tête</Filter>
    </ClInclude>
    <ClInclude Include="include\Protocol\Message\Entity\RotateEntityMessage.h">
      <Filter>Fichiers d%27en-tête</Filter>
    </ClInclude>
    <ClInclude Include="include\Protocol\Message\Entity\SynchronizeEntitiesMessage.h">
      <Filter>Fichiers d%27en-tête</Filter>
    </ClInclude>
    <ClInclude Include="include\LKZ\Protocol\Codec\Deserializer.h">
      <Filter>Fichiers d%27en-tête</Filter>
    </ClInclude>
    <ClInclude Include="include\LKZ\Protocol\Codec\Serializer.h">
      <Filter>Fichiers d%27en-tête</Filter>
    </ClInclude>
    <ClInclude Include="include\LKZ\Protocol\Message\Approach\CreateClientMessage.h">
      <Filter>Fichiers d%27en-tête</Filter>
    </ClInclude>
    <ClInclude Include="include\LKZ\Protocol\Message\Approach\DisconnectClientMessage.h">
      <Filter>Fichiers d%27en-tête</Filter>
    </ClInclude>
    <ClInclude Include="include\LKZ\Protocol\Message\Approach\ServerInformationsMessage.h">
      <Filter>Fichiers d%27en-tête</Filter>
    </ClInclude>
    <ClInclude Include="include\LKZ\Protocol\Message\Entity\CreateEntityMessage.h">
      <Filter>Fichiers d%27en-tête</Filter>
    </ClInclude>
    <ClInclude Include="include\LKZ\Protocol\Message\Entity\LastEntityPositionMessage.h">
      <Filter>Fichiers d%27en-tête</Filter>
    </ClInclude>
    <ClInclude Include="include\LKZ\Protocol\Message\Entity\MoveEntityMessage.h">
      <Filter>Fichiers d%27en-tête</Filter>
    </ClInclude>
    <ClInclude Include="include\LKZ\Protocol\Message\Entity\RotateEntityMessage.h">
      <Filter>Fichiers d%27en-tête</Filter>
    </ClInclude>
    <ClInclude Include="include\LKZ\Protocol\Message\Matchmaking\ChangeReadyStatusMessage.h">
      <Filter>Fichiers d%27en-tête</Filter>
    </ClInclude>
    <ClInclude Include="include\LKZ\Protocol\Message\Matchmaking\LeaveLobbyMessage.h">
      <Filter>Fichiers d%27en-tête</Filter>
    </ClInclude>
    <ClInclude Include="include\LKZ\Protocol\Message\Matchmaking\StartGameMessage.h">
      <Filter>Fichiers d%27en-tête</Filter>
    </ClInclude>
    <ClInclude Include="include\LKZ\Protocol\Message\Matchmaking\StartMatchmakingMessage.h">
      <Filter>Fichiers d%27en-tête</Filter>
    </ClInclude>
    <ClInclude Include="include\LKZ\Protocol\Message\Matchmaking\UpdateLobbyMessage.h">
      <Filter>Fichiers d%27en-tête</Filter>
    </ClInclude>
    <ClInclude Include="include\LKZ\Protocol\Message\Message.h">
      <Filter>Fichiers d%27en-tête</Filter>
    </ClInclude>
    <ClInclude Include="include\LKZ\Core\Threading\ThreadTaskPool.h">
      <Filter>Fichiers d%27en-tête</Filter>
    </ClInclude>
    <ClInclude Include="include\LKZ\Core\Threading\ThreadManager.h">
      <Filter>Fichiers d%27en-tête</Filter>
    </ClInclude>
    <ClInclude Include="include\LKZ\Core\Engine.h">
      <Filter>Fichiers d%27en-tête</Filter>
    </ClInclude>
    <ClInclude Include="include\LKZ\Core\Server\WindowsServer.h">
      <Filter>Fichiers d%27en-tête</Filter>
    </ClInclude>
    <ClInclude Include="include\LKZ\Core\Server\LinuxServer.h">
      <Filter>Fichiers d%27en-tête</Filter>
    </ClInclude>
    <ClInclude Include="include\LKZ\Core\ECS\Component\Component.h">
      <Filter>Fichiers d%27en-tête</Filter>
    </ClInclude>
    <ClInclude Include="include\LKZ\Core\ECS\System\ISystem.h">
      <Filter>Fichiers d%27en-tête</Filter>
    </ClInclude>
    <ClInclude Include="include\LKZ\Core\ECS\System\PlayerSystem.h">
      <Filter>Fichiers d%27en-tête</Filter>
    </ClInclude>
    <ClInclude Include="include\LKZ\Core\ECS\Manager\ComponentManager.h">
      <Filter>Fichiers d%27en-tête</Filter>
    </ClInclude>
    <ClInclude Include="include\LKZ\Core\ECS\Manager\EntityManager.h">
      <Filter>Fichiers d%27en-tête</Filter>
    </ClInclude>
    <ClInclude Include="include\LKZ\Core\ECS\Manager\SystemManager.h">
      <Filter>Fichiers d%27en-tête</Filter>
    </ClInclude>
    <ClInclude Include="include\LKZ\Core\Manager\ClientManager.h">
      <Filter>Fichiers d%27en-tête</Filter>
    </ClInclude>
    <ClInclude Include="include\LKZ\Core\Manager\EventManager.h">
      <Filter>Fichiers d%27en-tête</Filter>
    </ClInclude>
    <ClInclude Include="include\LKZ\Core\Manager\SessionManager.h">
      <Filter>Fichiers d%27en-tête</Filter>
    </ClInclude>
    <ClInclude Include="include\LKZ\Core\Manager\MatchmakingManager.h">
      <Filter>Fichiers d%27en-tête</Filter>
    </ClInclude>
    <ClInclude Include="include\LKZ\Session\Client.h">
      <Filter>Fichiers d%27en-tête</Filter>
    </ClInclude>
    <ClInclude Include="include\LKZ\Core\ECS\Entity.h">
      <Filter>Fichiers d%27en-tête</Filter>
    </ClInclude>
    <ClInclude Include="include\LKZ\Session\Lobby.h">
      <Filter>Fichiers d%27en-tête</Filter>
    </ClInclude>
    <ClInclude Include="include\LKZ\Utility\Logger.h">
      <Filter>Fichiers d%27en-tête</Filter>
    </ClInclude>
    <ClInclude Include="include\LKZ\Protocol\Message\Entity\Player\PlayerInputMessage.h">
      <Filter>Fichiers d%27en-tête</Filter>
    </ClInclude>
    <ClInclude Include="lib\RecastNavigation\DebugUtils\Include\DebugDraw.h">
      <Filter>Fichiers d%27en-tête</Filter>
    </ClInclude>
    <ClInclude Include="lib\RecastNavigation\DebugUtils\Include\DetourDebugDraw.h">
      <Filter>Fichiers d%27en-tête</Filter>
    </ClInclude>
    <ClInclude Include="lib\RecastNavigation\DebugUtils\Include\RecastDebugDraw.h">
      <Filter>Fichiers d%27en-tête</Filter>
    </ClInclude>
    <ClInclude Include="lib\RecastNavigation\DebugUtils\Include\RecastDump.h">
      <Filter>Fichiers d%27en-tête</Filter>
    </ClInclude>
    <ClInclude Include="lib\RecastNavigation\Detour\Include\DetourAlloc.h">
      <Filter>Fichiers d%27en-tête</Filter>
    </ClInclude>
    <ClInclude Include="lib\RecastNavigation\Detour\Include\DetourAssert.h">
      <Filter>Fichiers d%27en-tête</Filter>
    </ClInclude>
    <ClInclude Include="lib\RecastNavigation\Detour\Include\DetourCommon.h">
      <Filter>Fichiers d%27en-tête</Filter>
    </ClInclude>
    <ClInclude Include="lib\RecastNavigation\Detour\Include\DetourMath.h">
      <Filter>Fichiers d%27en-tête</Filter>
    </ClInclude>
    <ClInclude Include="lib\RecastNavigation\Detour\Include\DetourNavMesh.h">
      <Filter>Fichiers d%27en-tête</Filter>
    </ClInclude>
    <ClInclude Include="lib\RecastNavigation\Detour\Include\DetourNavMeshBuilder.h">
      <Filter>Fichiers d%27en-tête</Filter>
    </ClInclude>
    <ClInclude Include="lib\RecastNavigation\Detour\Include\DetourNavMeshQuery.h">
      <Filter>Fichiers d%27en-tête</Filter>
    </ClInclude>
    <ClInclude Include="lib\RecastNavigation\Detour\Include\DetourNode.h">
      <Filter>Fichiers d%27en-tête</Filter>
    </ClInclude>
    <ClInclude Include="lib\RecastNavigation\Detour\Include\DetourStatus.h">
      <Filter>Fichiers d%27en-tête</Filter>
    </ClInclude>
    <ClInclude Include="lib\RecastNavigation\DetourCrowd\Include\DetourCrowd.h">
      <Filter>Fichiers d%27en-tête</Filter>
    </ClInclude>
    <ClInclude Include="lib\RecastNavigation\DetourCrowd\Include\DetourLocalBoundary.h">
      <Filter>Fichiers d%27en-tête</Filter>
    </ClInclude>
    <ClInclude Include="lib\RecastNavigation\DetourCrowd\Include\DetourObstacleAvoidance.h">
      <Filter>Fichiers d%27en-tête</Filter>
    </ClInclude>
    <ClInclude Include="lib\RecastNavigation\DetourCrowd\Include\DetourPathCorridor.h">
      <Filter>Fichiers d%27en-tête</Filter>
    </ClInclude>
    <ClInclude Include="lib\RecastNavigation\DetourCrowd\Include\DetourPathQueue.h">
      <Filter>Fichiers d%27en-tête</Filter>
    </ClInclude>
    <ClInclude Include="lib\RecastNavigation\DetourCrowd\Include\DetourProximityGrid.h">
      <Filter>Fichiers d%27en-tête</Filter>
    </ClInclude>
    <ClInclude Include="lib\RecastNavigation\DetourTileCache\Include\DetourTileCache.h">
      <Filter>Fichiers d%27en-tête</Filter>
    </ClInclude>
    <ClInclude Include="lib\RecastNavigation\DetourTileCache\Include\DetourTileCacheBuilder.h">
      <Filter>Fichiers d%27en-tête</Filter>
    </ClInclude>
    <ClInclude Include="lib\RecastNavigation\Recast\Include\Recast.h">
      <Filter>Fichiers d%27en-tête</Filter>
    </ClInclude>
    <ClInclude Include="lib\RecastNavigation\Recast\Include\RecastAlloc.h">
      <Filter>Fichiers d%27en-tête</Filter>
    </ClInclude>
    <ClInclude Include="lib\RecastNavigation\Recast\Include\RecastAssert.h">
      <Filter>Fichiers d%27en-tête</Filter>
    </ClInclude>
    <ClInclude Include="include\LKZ\Simulation\Math\MathUtils.h">
      <Filter>Fichiers d%27en-tête</Filter>
    </ClInclude>
    <ClInclude Include="include\LKZ\Simulation\Math\Vector.h">
      <Filter>Fichiers d%27en-tête</Filter>
    </ClInclude>
    <ClInclude Include="include\LKZ\Simulation\Math\Quaternion.h">
      <Filter>Fichiers d%27en-tête</Filter>
    </ClInclude>
    <ClInclude Include="include\LKZ\Simulation\Navmesh\NavMeshLoader.h">
      <Filter>Fichiers d%27en-tête</Filter>
    </ClInclude>
    <ClInclude Include="include\LKZ\Simulation\Navmesh\Navmesh.h">
      <Filter>Fichiers d%27en-tête</Filter>
    </ClInclude>
    <ClInclude Include="include\LKZ\Simulation\World.h">
      <Filter>Fichiers d%27en-tête</Filter>
    </ClInclude>
    <ClInclude Include="include\LKZ\Core\ECS\System\AISystem.h">
      <Filter>Fichiers d%27en-tête</Filter>
    </ClInclude>
    <ClInclude Include="include\LKZ\Protocol\Message\Entity\RequestCreateEntityMessage.h">
      <Filter>Fichiers d%27en-tête</Filter>
    </ClInclude>
    <ClInclude Include="include\LKZ\Core\ECS\Manager\NavMeshQueryManager.h">
      <Filter>Fichiers d%27en-tête</Filter>
    </ClInclude>
    <ClInclude Include="include\LKZ\Core\Threading\CommandQueue.h">
      <Filter>Fichiers d%27en-tête</Filter>
    </ClInclude>
    <ClInclude Include="include\LKZ\Protocol\Message\Entity\MoveEntitiesMessage.h">
      <Filter>Fichiers d%27en-tête</Filter>
    </ClInclude>
    <ClInclude Include="include\LKZ\Protocol\Message\Entity\Player\PlayerStateMessage.h">
      <Filter>Fichiers d%27en-tête</Filter>
    </ClInclude>
    <ClInclude Include="include\LKZ\Utility\Constants.h">
      <Filter>Fichiers d%27en-tête</Filter>
    </ClInclude>
    <ClInclude Include="include\LKZ\Protocol\Message\Entity\Player\PlayerAimTargetPositionMessage.h">
      <Filter>Fichiers d%27en-tête</Filter>
    </ClInclude>
    <ClInclude Include="include\LKZ\Protocol\Message\Entity\Player\PlayerShootingMessage.h">
      <Filter>Fichiers d%27en-tête</Filter>
    </ClInclude>
    <ClInclude Include="include\LKZ\Protocol\Message\Entity\Zombie\ZombieBoneSeveredMessage.h">
      <Filter>Fichiers d%27en-tête</Filter>
    </ClInclude>
    <ClInclude Include="include\LKZ\Protocol\Message\Entity\EntityDeadMessage.h">
      <Filter>Fichiers d%27en-tête</Filter>
    </ClInclude>
    <ClInclude Include="include\LKZ\Protocol\Message\Entity\Zombie\ZombieHitMessage.h">
      <Filter>Fichiers d%27en-tête</Filter>
    </ClInclude>
    <ClInclude Include="include\LKZ\Protocol\Message\Gameplay\ChangeWaveMessage.h">
      <Filter>Fichiers d%27en-tête</Filter>
    </ClInclude>
    <ClInclude Include="include\LKZ\Core\ECS\System\WaveSystem.h">
      <Filter>Fichiers d%27en-tête</Filter>
    </ClInclude>
    <ClInclude Include="include\LKZ\Protocol\Message\Approach\ClientGameSceneLoadedMessage.h">
      <Filter>Fichiers d%27en-tête</Filter>
    </ClInclude>
    <ClInclude Include="include\LKZ\Core\Server\ProfilerServer.h">
      <Filter>Fichiers d%27en-tête</Filter>
    </ClInclude>
    <ClInclude Include="include\LKZ\Protocol\Message\Profiler\ProfilerClientCreatedMessage.h">
      <Filter>Fichiers d%27en-tête</Filter>
    </ClInclude>
    <ClInclude Include="include\LKZ\Protocol\Message\Profiler\ProfilerNetworkPerformanceMessage.h">
      <Filter>Fichiers d%27en-tête</Filter>
    </ClInclude>
  </ItemGroup>
</Project>